
Microsoft Visual Studio Solution File, Format Version 12.00
# Visual Studio Version 17
VisualStudioVersion = 17.14.36915.13 d17.14
MinimumVisualStudioVersion = 10.0.40219.1
Project("{FAE04EC0-301F-11D3-BF4B-00C04F79EFBC}") = "CollegeDbDemo", "CollegeDbDemo\CollegeDbDemo.csproj", "{8B07108E-902E-4990-822C-456684BB587C}"
EndProject
Global
	GlobalSection(SolutionConfigurationPlatforms) = preSolution
		Debug|Any CPU = Debug|Any CPU
		Release|Any CPU = Release|Any CPU
	EndGlobalSection
	GlobalSection(ProjectConfigurationPlatforms) = postSolution
		{8B07108E-902E-4990-822C-456684BB587C}.Debug|Any CPU.ActiveCfg = Debug|Any CPU
		{8B07108E-902E-4990-822C-456684BB587C}.Debug|Any CPU.Build.0 = Debug|Any CPU
		{8B07108E-902E-4990-822C-456684BB587C}.Release|Any CPU.ActiveCfg = Release|Any CPU
		{8B07108E-902E-4990-822C-456684BB587C}.Release|Any CPU.Build.0 = Release|Any CPU
	EndGlobalSection
	GlobalSection(SolutionProperties) = preSolution
		HideSolutionNode = FALSE
	EndGlobalSection
	GlobalSection(ExtensibilityGlobals) = postSolution
		SolutionGuid = {F85D17B1-7D44-4EB6-96A8-F075BD2BEAEC}
	EndGlobalSection
EndGlobal
